<?xml version="1.0" encoding="UTF-8"?>
<!--
  Automated QA Foundation Batch(2026-09-18) — 이 프로젝트엔 지금까지 공유(shared) scheme
  파일이 커밋된 적이 없었다(Xcode의 자동 생성 scheme에만 의존, 팀원마다 로컬에서 다시
  생성됨). AppUITests 타겟을 xcodebuild로 실행하려면 Test Action이 명시된 scheme이
  필요해서 이 파일을 새로 만들어 커밋한다 — App 타겟의 Build/Run/Archive 설정은
  Xcode가 평소 자동 생성하던 것과 동일하게 최소 구성만 담았다(기존 App 타겟 자체는
  전혀 안 건드림).
-->
<Scheme
   LastUpgradeVersion = "1600"
   version = "1.7">
   <BuildAction
      parallelizeBuildables = "YES"
      buildImplicitDependencies = "YES">
      <BuildActionEntries>
         <BuildActionEntry
            buildForTesting = "YES"
            buildForRunning = "YES"
            buildForProfiling = "YES"
            buildForArchiving = "YES"
            buildForAnalyzing = "YES">
            <BuildableReference
               BuildableIdentifier = "primary"
               BlueprintIdentifier = "504EC3031FED79650016851F"
               BuildableName = "App.app"
               BlueprintName = "App"
               ReferencedContainer = "container:App.xcodeproj">
            </BuildableReference>
         </BuildActionEntry>
         <BuildActionEntry
            buildForTesting = "YES"
            buildForRunning = "NO"
            buildForProfiling = "NO"
            buildForArchiving = "NO"
            buildForAnalyzing = "NO">
            <BuildableReference
               BuildableIdentifier = "primary"
               BlueprintIdentifier = "9A27F90D2985CC6E44B87ABF"
               BuildableName = "AppUITests.xctest"
               BlueprintName = "AppUITests"
               ReferencedContainer = "container:App.xcodeproj">
            </BuildableReference>
         </BuildActionEntry>
      </BuildActionEntries>
   </BuildAction>
   <TestAction
      buildConfiguration = "Debug"
      selectedDebuggerIdentifier = "Xcode.DebuggerFoundation.Debugger.LLDB"
      selectedLauncherIdentifier = "Xcode.DebuggerFoundation.Launcher.LLDB"
      shouldUseLaunchSchemeArgsEnv = "YES">
      <Testables>
         <TestableReference
            skipped = "NO">
            <BuildableReference
               BuildableIdentifier = "primary"
               BlueprintIdentifier = "9A27F90D2985CC6E44B87ABF"
               BuildableName = "AppUITests.xctest"
               BlueprintName = "AppUITests"
               ReferencedContainer = "container:App.xcodeproj">
            </BuildableReference>
         </TestableReference>
      </Testables>
   </TestAction>
   <LaunchAction
      buildConfiguration = "Debug"
      selectedDebuggerIdentifier = "Xcode.DebuggerFoundation.Debugger.LLDB"
      selectedLauncherIdentifier = "Xcode.DebuggerFoundation.Launcher.LLDB"
      launchStyle = "0"
      useCustomWorkingDirectory = "NO"
      ignoresPersistentStateOnLaunch = "NO"
      debugDocumentVersioning = "YES"
      debugServiceExtension = "internal"
      allowLocationSimulation = "YES">
      <BuildableProductRunnable
         runnableDebuggingMode = "0">
         <BuildableReference
            BuildableIdentifier = "primary"
            BlueprintIdentifier = "504EC3031FED79650016851F"
            BuildableName = "App.app"
            BlueprintName = "App"
            ReferencedContainer = "container:App.xcodeproj">
         </BuildableReference>
      </BuildableProductRunnable>
   </LaunchAction>
   <ProfileAction
      buildConfiguration = "Release"
      shouldUseLaunchSchemeArgsEnv = "YES"
      savedToolIdentifier = ""
      useCustomWorkingDirectory = "NO"
      debugDocumentVersioning = "YES">
      <BuildableProductRunnable
         runnableDebuggingMode = "0">
         <BuildableReference
            BuildableIdentifier = "primary"
            BlueprintIdentifier = "504EC3031FED79650016851F"
            BuildableName = "App.app"
            BlueprintName = "App"
            ReferencedContainer = "container:App.xcodeproj">
         </BuildableReference>
      </BuildableProductRunnable>
   </ProfileAction>
   <AnalyzeAction
      buildConfiguration = "Debug">
   </AnalyzeAction>
   <ArchiveAction
      buildConfiguration = "Release"
      revealArchiveInOrganizer = "YES">
   </ArchiveAction>
</Scheme>
